{
  "nodes": {
    "nixCats": {
      "locked": {
        "lastModified": 1750385661,
        "narHash": "sha256-JpIEf5IrOzMTjowkxB6kgh4AK3Dp9i/T9G4w2ZiKMgQ=",
        "owner": "BirdeeHub",
        "repo": "nixCats-nvim",
        "rev": "04379fef2fbd4c9d8f4c9a6203cef135ab0b1acd",
        "type": "github"
      },
      "original": {
        "owner": "BirdeeHub",
        "repo": "nixCats-nvim",
        "type": "github"
      }
    },
    "nixpkgs": {
      "locked": {
        "lastModified": 1750215678,
        "narHash": "sha256-Rc/ytpamXRf6z8UA2SGa4aaWxUXRbX2MAWIu2C8M+ok=",
        "owner": "nixos",
        "repo": "nixpkgs",
        "rev": "5395fb3ab3f97b9b7abca147249fa2e8ed27b192",
        "type": "github"
      },
      "original": {
        "owner": "nixos",
        "ref": "nixpkgs-unstable",
        "repo": "nixpkgs",
        "type": "github"
      }
    },
    "plugins-nvim-dap-powershell": {
      "flake": false,
      "locked": {
        "lastModified": 1716795261,
        "narHash": "sha256-NznJvk1P088ivSMV6SuCtAJkBB7kVNcNWmycnbGcrUI=",
        "owner": "Willem-J-an",
        "repo": "nvim-dap-powershell",
        "rev": "0d41457342a98da1fdf5707aae6573a57a949025",
        "type": "github"
      },
      "original": {
        "owner": "Willem-J-an",
        "repo": "nvim-dap-powershell",
        "type": "github"
      }
    },
    "plugins-powershell-nvim": {
      "flake": false,
      "locked": {
        "lastModified": 1750349569,
        "narHash": "sha256-ROjNaik+qyfieaIxUlLwYxem5iB6v2KbtvSqNtFZ5RQ=",
        "owner": "TheLeoP",
        "repo": "powershell.nvim",
        "rev": "f62e3b8f7cc9075f6b3cfe918ad29fe05cb17f9e",
        "type": "github"
      },
      "original": {
        "owner": "TheLeoP",
        "repo": "powershell.nvim",
        "type": "github"
      }
    },
    "root": {
      "inputs": {
        "nixCats": "nixCats",
        "nixpkgs": "nixpkgs",
        "plugins-nvim-dap-powershell": "plugins-nvim-dap-powershell",
        "plugins-powershell-nvim": "plugins-powershell-nvim"
      }
    }
  },
  "root": "root",
  "version": 7
}
