{
  "nodes": {
    "nixCats": {
      "locked": {
        "lastModified": 1750385661,
        "narHash": "sha256-JpIEf5IrOzMTjowkxB6kgh4AK3Dp9i/T9G4w2ZiKMgQ=",
        "owner": "BirdeeHub",
        "repo": "nixCats-nvim",
        "rev": "04379fef2fbd4c9d8f4c9a6203cef135ab0b1acd",
        "type": "github"
      },
      "original": {
        "owner": "BirdeeHub",
        "repo": "nixCats-nvim",
        "type": "github"
      }
    },
    "nixpkgs": {
      "locked": {
        "lastModified": 1751180975,
        "narHash": "sha256-BKk4yDiXr4LdF80OTVqYJ53Q74rOcA/82EClXug8xsY=",
        "owner": "nixos",
        "repo": "nixpkgs",
        "rev": "a48741b083d4f36dd79abd9f760c84da6b4dc0e5",
        "type": "github"
      },
      "original": {
        "owner": "nixos",
        "ref": "nixpkgs-unstable",
        "repo": "nixpkgs",
        "type": "github"
      }
    },
    "plugins-colorizer": {
      "flake": false,
      "locked": {
        "lastModified": 1715313687,
        "narHash": "sha256-gjO89Sx335PqVgceM9DBfcVozNjovC8KML1OZCRNMGw=",
        "owner": "norcalli",
        "repo": "nvim-colorizer.lua",
        "rev": "a065833f35a3a7cc3ef137ac88b5381da2ba302e",
        "type": "github"
      },
      "original": {
        "owner": "norcalli",
        "repo": "nvim-colorizer.lua",
        "type": "github"
      }
    },
    "plugins-indent-rainbowline": {
      "flake": false,
      "locked": {
        "lastModified": 1733179713,
        "narHash": "sha256-dSXNtbyPY5ZWT/RCYsmy/swgErJm7zSfaDd5J+15wYc=",
        "owner": "TheGLander",
        "repo": "indent-rainbowline.nvim",
        "rev": "572e8157de85d7af3f0085b5c74c059518900649",
        "type": "github"
      },
      "original": {
        "owner": "TheGLander",
        "repo": "indent-rainbowline.nvim",
        "type": "github"
      }
    },
    "plugins-nvim-dap-powershell": {
      "flake": false,
      "locked": {
        "lastModified": 1716795261,
        "narHash": "sha256-NznJvk1P088ivSMV6SuCtAJkBB7kVNcNWmycnbGcrUI=",
        "owner": "Willem-J-an",
        "repo": "nvim-dap-powershell",
        "rev": "0d41457342a98da1fdf5707aae6573a57a949025",
        "type": "github"
      },
      "original": {
        "owner": "Willem-J-an",
        "repo": "nvim-dap-powershell",
        "type": "github"
      }
    },
    "plugins-powershell-nvim": {
      "flake": false,
      "locked": {
        "lastModified": 1750349569,
        "narHash": "sha256-ROjNaik+qyfieaIxUlLwYxem5iB6v2KbtvSqNtFZ5RQ=",
        "owner": "TheLeoP",
        "repo": "powershell.nvim",
        "rev": "f62e3b8f7cc9075f6b3cfe918ad29fe05cb17f9e",
        "type": "github"
      },
      "original": {
        "owner": "TheLeoP",
        "repo": "powershell.nvim",
        "type": "github"
      }
    },
    "root": {
      "inputs": {
        "nixCats": "nixCats",
        "nixpkgs": "nixpkgs",
        "plugins-colorizer": "plugins-colorizer",
        "plugins-indent-rainbowline": "plugins-indent-rainbowline",
        "plugins-nvim-dap-powershell": "plugins-nvim-dap-powershell",
        "plugins-powershell-nvim": "plugins-powershell-nvim"
      }
    }
  },
  "root": "root",
  "version": 7
}
